
Microsoft Visual Studio Solution File, Format Version 12.00
# Visual Studio Version 16
VisualStudioVersion = 16.0.31105.61
MinimumVisualStudioVersion = 10.0.40219.1
Project("{FAE04EC0-301F-11D3-BF4B-00C04F79EFBC}") = "Pasta Pişirme", "Pasta Pişirme\Pasta Pişirme.csproj", "{2723B9ED-FFD3-407B-B224-475AA83D0D4F}"
EndProject
Global
	GlobalSection(SolutionConfigurationPlatforms) = preSolution
		Debug|Any CPU = Debug|Any CPU
		Release|Any CPU = Release|Any CPU
	EndGlobalSection
	GlobalSection(ProjectConfigurationPlatforms) = postSolution
		{2723B9ED-FFD3-407B-B224-475AA83D0D4F}.Debug|Any CPU.ActiveCfg = Debug|Any CPU
		{2723B9ED-FFD3-407B-B224-475AA83D0D4F}.Debug|Any CPU.Build.0 = Debug|Any CPU
		{2723B9ED-FFD3-407B-B224-475AA83D0D4F}.Release|Any CPU.ActiveCfg = Release|Any CPU
		{2723B9ED-FFD3-407B-B224-475AA83D0D4F}.Release|Any CPU.Build.0 = Release|Any CPU
	EndGlobalSection
	GlobalSection(SolutionProperties) = preSolution
		HideSolutionNode = FALSE
	EndGlobalSection
	GlobalSection(ExtensibilityGlobals) = postSolution
		SolutionGuid = {872D5628-EC9E-4892-9063-E2CB15572969}
	EndGlobalSection
EndGlobal
