
Microsoft Visual Studio Solution File, Format Version 12.00
# Visual Studio Version 16
VisualStudioVersion = 16.0.31105.61
MinimumVisualStudioVersion = 10.0.40219.1
Project("{FAE04EC0-301F-11D3-BF4B-00C04F79EFBC}") = "Exponential Calculatior", "Exponential Calculatior\Exponential Calculatior.csproj", "{9E20846E-5DDD-4F75-9BB3-2D6C82551670}"
EndProject
Global
	GlobalSection(SolutionConfigurationPlatforms) = preSolution
		Debug|Any CPU = Debug|Any CPU
		Release|Any CPU = Release|Any CPU
	EndGlobalSection
	GlobalSection(ProjectConfigurationPlatforms) = postSolution
		{9E20846E-5DDD-4F75-9BB3-2D6C82551670}.Debug|Any CPU.ActiveCfg = Debug|Any CPU
		{9E20846E-5DDD-4F75-9BB3-2D6C82551670}.Debug|Any CPU.Build.0 = Debug|Any CPU
		{9E20846E-5DDD-4F75-9BB3-2D6C82551670}.Release|Any CPU.ActiveCfg = Release|Any CPU
		{9E20846E-5DDD-4F75-9BB3-2D6C82551670}.Release|Any CPU.Build.0 = Release|Any CPU
	EndGlobalSection
	GlobalSection(SolutionProperties) = preSolution
		HideSolutionNode = FALSE
	EndGlobalSection
	GlobalSection(ExtensibilityGlobals) = postSolution
		SolutionGuid = {5E8DC86A-0670-4909-831C-37B05D7D6EC7}
	EndGlobalSection
EndGlobal
