
Microsoft Visual Studio Solution File, Format Version 12.00
# Visual Studio Version 16
VisualStudioVersion = 16.0.31105.61
MinimumVisualStudioVersion = 10.0.40219.1
Project("{FAE04EC0-301F-11D3-BF4B-00C04F79EFBC}") = "HesapMakinesi", "HesapMakinesi\HesapMakinesi.csproj", "{FCB2A6CE-571B-4F15-8E45-6D78079852C8}"
EndProject
Global
	GlobalSection(SolutionConfigurationPlatforms) = preSolution
		Debug|Any CPU = Debug|Any CPU
		Release|Any CPU = Release|Any CPU
	EndGlobalSection
	GlobalSection(ProjectConfigurationPlatforms) = postSolution
		{FCB2A6CE-571B-4F15-8E45-6D78079852C8}.Debug|Any CPU.ActiveCfg = Debug|Any CPU
		{FCB2A6CE-571B-4F15-8E45-6D78079852C8}.Debug|Any CPU.Build.0 = Debug|Any CPU
		{FCB2A6CE-571B-4F15-8E45-6D78079852C8}.Release|Any CPU.ActiveCfg = Release|Any CPU
		{FCB2A6CE-571B-4F15-8E45-6D78079852C8}.Release|Any CPU.Build.0 = Release|Any CPU
	EndGlobalSection
	GlobalSection(SolutionProperties) = preSolution
		HideSolutionNode = FALSE
	EndGlobalSection
	GlobalSection(ExtensibilityGlobals) = postSolution
		SolutionGuid = {2025BFA4-DC21-4F14-8CAD-D2E6F405ADF9}
	EndGlobalSection
EndGlobal
