
Microsoft Visual Studio Solution File, Format Version 12.00
# Visual Studio Version 16
VisualStudioVersion = 16.0.31105.61
MinimumVisualStudioVersion = 10.0.40219.1
Project("{FAE04EC0-301F-11D3-BF4B-00C04F79EFBC}") = "Student Exam Statues", "Student Exam Statues\Student Exam Statues.csproj", "{0A1CF0FB-7359-4947-A64E-C3B9F46BEAD2}"
EndProject
Global
	GlobalSection(SolutionConfigurationPlatforms) = preSolution
		Debug|Any CPU = Debug|Any CPU
		Release|Any CPU = Release|Any CPU
	EndGlobalSection
	GlobalSection(ProjectConfigurationPlatforms) = postSolution
		{0A1CF0FB-7359-4947-A64E-C3B9F46BEAD2}.Debug|Any CPU.ActiveCfg = Debug|Any CPU
		{0A1CF0FB-7359-4947-A64E-C3B9F46BEAD2}.Debug|Any CPU.Build.0 = Debug|Any CPU
		{0A1CF0FB-7359-4947-A64E-C3B9F46BEAD2}.Release|Any CPU.ActiveCfg = Release|Any CPU
		{0A1CF0FB-7359-4947-A64E-C3B9F46BEAD2}.Release|Any CPU.Build.0 = Release|Any CPU
	EndGlobalSection
	GlobalSection(SolutionProperties) = preSolution
		HideSolutionNode = FALSE
	EndGlobalSection
	GlobalSection(ExtensibilityGlobals) = postSolution
		SolutionGuid = {582F55C8-FC11-4170-9CC4-CC5ACCB51853}
	EndGlobalSection
EndGlobal
